# This file is generated by running "yarn install" inside your project.
# Manual changes might be lost - proceed with caution!

__metadata:
  version: 8
  cacheKey: 10c0

"@emnapi/runtime@npm:^1.7.0":
  version: 1.7.1
  resolution: "@emnapi/runtime@npm:1.7.1"
  dependencies:
    tslib: "npm:^2.4.0"
  checksum: 10c0/26b851cd3e93877d8732a985a2ebf5152325bbacc6204ef5336a47359dedcc23faeb08cdfcb8bb389b5401b3e894b882bc1a1e55b4b7c1ed1e67c991a760ddd5
  languageName: node
  linkType: hard

"@huggingface/jinja@npm:^0.5.3":
  version: 0.5.3
  resolution: "@huggingface/jinja@npm:0.5.3"
  checksum: 10c0/5740eca1ccde352b17bd7f06e4b404b61c5a9c516562a2d5b8795dc344ca9cf3cb4bd407900fdbb65edcc2ca2778906067f1b828feab2a172e1bf0bd887a0590
  languageName: node
  linkType: hard

"@huggingface/transformers@npm:^3.8.1":
  version: 3.8.1
  resolution: "@huggingface/transformers@npm:3.8.1"
  dependencies:
    "@huggingface/jinja": "npm:^0.5.3"
    onnxruntime-node: "npm:1.21.0"
    onnxruntime-web: "npm:1.22.0-dev.20250409-89f8206ba4"
    sharp: "npm:^0.34.1"
  checksum: 10c0/5fa8112ecf4fecee21eb82b1970b6290e0ab7b32166bc67ee12b539ff9d23a0d1fe6eab308a478e31167118c963b9eeef5fdbcc27ba19a20a350ef51e36fb0f6
  languageName: node
  linkType: hard

"@img/colour@npm:^1.0.0":
  version: 1.0.0
  resolution: "@img/colour@npm:1.0.0"
  checksum: 10c0/02261719c1e0d7aa5a2d585981954f2ac126f0c432400aa1a01b925aa2c41417b7695da8544ee04fd29eba7ecea8eaf9b8bef06f19dc8faba78f94eeac40667d
  languageName: node
  linkType: hard

"@img/sharp-darwin-arm64@npm:0.34.5":
  version: 0.34.5
  resolution: "@img/sharp-darwin-arm64@npm:0.34.5"
  dependencies:
    "@img/sharp-libvips-darwin-arm64": "npm:1.2.4"
  dependenciesMeta:
    "@img/sharp-libvips-darwin-arm64":
      optional: true
  conditions: os=darwin & cpu=arm64
  languageName: node
  linkType: hard

"@img/sharp-darwin-x64@npm:0.34.5":
  version: 0.34.5
  resolution: "@img/sharp-darwin-x64@npm:0.34.5"
  dependencies:
    "@img/sharp-libvips-darwin-x64": "npm:1.2.4"
  dependenciesMeta:
    "@img/sharp-libvips-darwin-x64":
      optional: true
  conditions: os=darwin & cpu=x64
  languageName: node
  linkType: hard

"@img/sharp-libvips-darwin-arm64@npm:1.2.4":
  version: 1.2.4
  resolution: "@img/sharp-libvips-darwin-arm64@npm:1.2.4"
  conditions: os=darwin & cpu=arm64
  languageName: node
  linkType: hard

"@img/sharp-libvips-darwin-x64@npm:1.2.4":
  version: 1.2.4
  resolution: "@img/sharp-libvips-darwin-x64@npm:1.2.4"
  conditions: os=darwin & cpu=x64
  languageName: node
  linkType: hard

"@img/sharp-libvips-linux-arm64@npm:1.2.4":
  version: 1.2.4
  resolution: "@img/sharp-libvips-linux-arm64@npm:1.2.4"
  conditions: os=linux & cpu=arm64 & libc=glibc
  languageName: node
  linkType: hard

"@img/sharp-libvips-linux-arm@npm:1.2.4":
  version: 1.2.4
  resolution: "@img/sharp-libvips-linux-arm@npm:1.2.4"
  conditions: os=linux & cpu=arm & libc=glibc
  languageName: node
  linkType: hard

"@img/sharp-libvips-linux-ppc64@npm:1.2.4":
  version: 1.2.4
  resolution: "@img/sharp-libvips-linux-ppc64@npm:1.2.4"
  conditions: os=linux & cpu=ppc64 & libc=glibc
  languageName: node
  linkType: hard

"@img/sharp-libvips-linux-riscv64@npm:1.2.4":
  version: 1.2.4
  resolution: "@img/sharp-libvips-linux-riscv64@npm:1.2.4"
  conditions: os=linux & cpu=riscv64 & libc=glibc
  languageName: node
  linkType: hard

"@img/sharp-libvips-linux-s390x@npm:1.2.4":
  version: 1.2.4
  resolution: "@img/sharp-libvips-linux-s390x@npm:1.2.4"
  conditions: os=linux & cpu=s390x & libc=glibc
  languageName: node
  linkType: hard

"@img/sharp-libvips-linux-x64@npm:1.2.4":
  version: 1.2.4
  resolution: "@img/sharp-libvips-linux-x64@npm:1.2.4"
  conditions: os=linux & cpu=x64 & libc=glibc
  languageName: node
  linkType: hard

"@img/sharp-libvips-linuxmusl-arm64@npm:1.2.4":
  version: 1.2.4
  resolution: "@img/sharp-libvips-linuxmusl-arm64@npm:1.2.4"
  conditions: os=linux & cpu=arm64 & libc=musl
  languageName: node
  linkType: hard

"@img/sharp-libvips-linuxmusl-x64@npm:1.2.4":
  version: 1.2.4
  resolution: "@img/sharp-libvips-linuxmusl-x64@npm:1.2.4"
  conditions: os=linux & cpu=x64 & libc=musl
  languageName: node
  linkType: hard

"@img/sharp-linux-arm64@npm:0.34.5":
  version: 0.34.5
  resolution: "@img/sharp-linux-arm64@npm:0.34.5"
  dependencies:
    "@img/sharp-libvips-linux-arm64": "npm:1.2.4"
  dependenciesMeta:
    "@img/sharp-libvips-linux-arm64":
      optional: true
  conditions: os=linux & cpu=arm64 & libc=glibc
  languageName: node
  linkType: hard

"@img/sharp-linux-arm@npm:0.34.5":
  version: 0.34.5
  resolution: "@img/sharp-linux-arm@npm:0.34.5"
  dependencies:
    "@img/sharp-libvips-linux-arm": "npm:1.2.4"
  dependenciesMeta:
    "@img/sharp-libvips-linux-arm":
      optional: true
  conditions: os=linux & cpu=arm & libc=glibc
  languageName: node
  linkType: hard

"@img/sharp-linux-ppc64@npm:0.34.5":
  version: 0.34.5
  resolution: "@img/sharp-linux-ppc64@npm:0.34.5"
  dependencies:
    "@img/sharp-libvips-linux-ppc64": "npm:1.2.4"
  dependenciesMeta:
    "@img/sharp-libvips-linux-ppc64":
      optional: true
  conditions: os=linux & cpu=ppc64 & libc=glibc
  languageName: node
  linkType: hard

"@img/sharp-linux-riscv64@npm:0.34.5":
  version: 0.34.5
  resolution: "@img/sharp-linux-riscv64@npm:0.34.5"
  dependencies:
    "@img/sharp-libvips-linux-riscv64": "npm:1.2.4"
  dependenciesMeta:
    "@img/sharp-libvips-linux-riscv64":
      optional: true
  conditions: os=linux & cpu=riscv64 & libc=glibc
  languageName: node
  linkType: hard

"@img/sharp-linux-s390x@npm:0.34.5":
  version: 0.34.5
  resolution: "@img/sharp-linux-s390x@npm:0.34.5"
  dependencies:
    "@img/sharp-libvips-linux-s390x": "npm:1.2.4"
  dependenciesMeta:
    "@img/sharp-libvips-linux-s390x":
      optional: true
  conditions: os=linux & cpu=s390x & libc=glibc
  languageName: node
  linkType: hard

"@img/sharp-linux-x64@npm:0.34.5":
  version: 0.34.5
  resolution: "@img/sharp-linux-x64@npm:0.34.5"
  dependencies:
    "@img/sharp-libvips-linux-x64": "npm:1.2.4"
  dependenciesMeta:
    "@img/sharp-libvips-linux-x64":
      optional: true
  conditions: os=linux & cpu=x64 & libc=glibc
  languageName: node
  linkType: hard

"@img/sharp-linuxmusl-arm64@npm:0.34.5":
  version: 0.34.5
  resolution: "@img/sharp-linuxmusl-arm64@npm:0.34.5"
  dependencies:
    "@img/sharp-libvips-linuxmusl-arm64": "npm:1.2.4"
  dependenciesMeta:
    "@img/sharp-libvips-linuxmusl-arm64":
      optional: true
  conditions: os=linux & cpu=arm64 & libc=musl
  languageName: node
  linkType: hard

"@img/sharp-linuxmusl-x64@npm:0.34.5":
  version: 0.34.5
  resolution: "@img/sharp-linuxmusl-x64@npm:0.34.5"
  dependencies:
    "@img/sharp-libvips-linuxmusl-x64": "npm:1.2.4"
  dependenciesMeta:
    "@img/sharp-libvips-linuxmusl-x64":
      optional: true
  conditions: os=linux & cpu=x64 & libc=musl
  languageName: node
  linkType: hard

"@img/sharp-wasm32@npm:0.34.5":
  version: 0.34.5
  resolution: "@img/sharp-wasm32@npm:0.34.5"
  dependencies:
    "@emnapi/runtime": "npm:^1.7.0"
  conditions: cpu=wasm32
  languageName: node
  linkType: hard

"@img/sharp-win32-arm64@npm:0.34.5":
  version: 0.34.5
  resolution: "@img/sharp-win32-arm64@npm:0.34.5"
  conditions: os=win32 & cpu=arm64
  languageName: node
  linkType: hard

"@img/sharp-win32-ia32@npm:0.34.5":
  version: 0.34.5
  resolution: "@img/sharp-win32-ia32@npm:0.34.5"
  conditions: os=win32 & cpu=ia32
  languageName: node
  linkType: hard

"@img/sharp-win32-x64@npm:0.34.5":
  version: 0.34.5
  resolution: "@img/sharp-win32-x64@npm:0.34.5"
  conditions: os=win32 & cpu=x64
  languageName: node
  linkType: hard

"@isaacs/fs-minipass@npm:^4.0.0":
  version: 4.0.1
  resolution: "@isaacs/fs-minipass@npm:4.0.1"
  dependencies:
    minipass: "npm:^7.0.4"
  checksum: 10c0/c25b6dc1598790d5b55c0947a9b7d111cfa92594db5296c3b907e2f533c033666f692a3939eadac17b1c7c40d362d0b0635dc874cbfe3e70db7c2b07cc97a5d2
  languageName: node
  linkType: hard

"@langchain/langgraph-checkpoint@npm:^1.0.0":
  version: 1.0.0
  resolution: "@langchain/langgraph-checkpoint@npm:1.0.0"
  dependencies:
    uuid: "npm:^10.0.0"
  peerDependencies:
    "@langchain/core": ^1.0.1
  checksum: 10c0/180e37751d8c0ee706ad377d393bb32b3c00e9ddfbbf27fc30ee3d838363db181fbbbc75147c287abafcbf1e7aed6bc3f57f9a6dfe4c585c1aebd05e0961e069
  languageName: node
  linkType: hard

"@langchain/langgraph-sdk@npm:~1.2.0":
  version: 1.2.0
  resolution: "@langchain/langgraph-sdk@npm:1.2.0"
  dependencies:
    p-queue: "npm:^6.6.2"
    p-retry: "npm:4"
    uuid: "npm:^9.0.0"
  peerDependencies:
    "@langchain/core": ^1.0.1
    react: ^18 || ^19
    react-dom: ^18 || ^19
  peerDependenciesMeta:
    "@langchain/core":
      optional: true
    react:
      optional: true
    react-dom:
      optional: true
  checksum: 10c0/43b9d73e3cb77197856c63a31887165bbbf0e1bf2a5809d196250675d88a557ca16c9a5f14e6aaf8419013a7b51529babcae2f15697019194471ef70b3944663
  languageName: node
  linkType: hard

"@langchain/langgraph@npm:^1.0.0":
  version: 1.0.4
  resolution: "@langchain/langgraph@npm:1.0.4"
  dependencies:
    "@langchain/langgraph-checkpoint": "npm:^1.0.0"
    "@langchain/langgraph-sdk": "npm:~1.2.0"
    uuid: "npm:^10.0.0"
  peerDependencies:
    "@langchain/core": ^1.0.1
    zod: ^3.25.32 || ^4.1.0
    zod-to-json-schema: ^3.x
  peerDependenciesMeta:
    zod-to-json-schema:
      optional: true
  checksum: 10c0/992aab5c6f67814496e956401e5f3a5ba10663c89b43c479c2e79c77d36f5b22338378ff214867ba2d2dc9f6d9e18f398ec144766e43af43f5906f65fbb14c59
  languageName: node
  linkType: hard

"@protobufjs/aspromise@npm:^1.1.1, @protobufjs/aspromise@npm:^1.1.2":
  version: 1.1.2
  resolution: "@protobufjs/aspromise@npm:1.1.2"
  checksum: 10c0/a83343a468ff5b5ec6bff36fd788a64c839e48a07ff9f4f813564f58caf44d011cd6504ed2147bf34835bd7a7dd2107052af755961c6b098fd8902b4f6500d0f
  languageName: node
  linkType: hard

"@protobufjs/base64@npm:^1.1.2":
  version: 1.1.2
  resolution: "@protobufjs/base64@npm:1.1.2"
  checksum: 10c0/eec925e681081af190b8ee231f9bad3101e189abbc182ff279da6b531e7dbd2a56f1f306f37a80b1be9e00aa2d271690d08dcc5f326f71c9eed8546675c8caf6
  languageName: node
  linkType: hard

"@protobufjs/codegen@npm:^2.0.4":
  version: 2.0.4
  resolution: "@protobufjs/codegen@npm:2.0.4"
  checksum: 10c0/26ae337c5659e41f091606d16465bbcc1df1f37cc1ed462438b1f67be0c1e28dfb2ca9f294f39100c52161aef82edf758c95d6d75650a1ddf31f7ddee1440b43
  languageName: node
  linkType: hard

"@protobufjs/eventemitter@npm:^1.1.0":
  version: 1.1.0
  resolution: "@protobufjs/eventemitter@npm:1.1.0"
  checksum: 10c0/1eb0a75180e5206d1033e4138212a8c7089a3d418c6dfa5a6ce42e593a4ae2e5892c4ef7421f38092badba4040ea6a45f0928869989411001d8c1018ea9a6e70
  languageName: node
  linkType: hard

"@protobufjs/fetch@npm:^1.1.0":
  version: 1.1.0
  resolution: "@protobufjs/fetch@npm:1.1.0"
  dependencies:
    "@protobufjs/aspromise": "npm:^1.1.1"
    "@protobufjs/inquire": "npm:^1.1.0"
  checksum: 10c0/cda6a3dc2d50a182c5865b160f72077aac197046600091dbb005dd0a66db9cce3c5eaed6d470ac8ed49d7bcbeef6ee5f0bc288db5ff9a70cbd003e5909065233
  languageName: node
  linkType: hard

"@protobufjs/float@npm:^1.0.2":
  version: 1.0.2
  resolution: "@protobufjs/float@npm:1.0.2"
  checksum: 10c0/18f2bdede76ffcf0170708af15c9c9db6259b771e6b84c51b06df34a9c339dbbeec267d14ce0bddd20acc142b1d980d983d31434398df7f98eb0c94a0eb79069
  languageName: node
  linkType: hard

"@protobufjs/inquire@npm:^1.1.0":
  version: 1.1.0
  resolution: "@protobufjs/inquire@npm:1.1.0"
  checksum: 10c0/64372482efcba1fb4d166a2664a6395fa978b557803857c9c03500e0ac1013eb4b1aacc9ed851dd5fc22f81583670b4f4431bae186f3373fedcfde863ef5921a
  languageName: node
  linkType: hard

"@protobufjs/path@npm:^1.1.2":
  version: 1.1.2
  resolution: "@protobufjs/path@npm:1.1.2"
  checksum: 10c0/cece0a938e7f5dfd2fa03f8c14f2f1cf8b0d6e13ac7326ff4c96ea311effd5fb7ae0bba754fbf505312af2e38500250c90e68506b97c02360a43793d88a0d8b4
  languageName: node
  linkType: hard

"@protobufjs/pool@npm:^1.1.0":
  version: 1.1.0
  resolution: "@protobufjs/pool@npm:1.1.0"
  checksum: 10c0/eda2718b7f222ac6e6ad36f758a92ef90d26526026a19f4f17f668f45e0306a5bd734def3f48f51f8134ae0978b6262a5c517c08b115a551756d1a3aadfcf038
  languageName: node
  linkType: hard

"@protobufjs/utf8@npm:^1.1.0":
  version: 1.1.0
  resolution: "@protobufjs/utf8@npm:1.1.0"
  checksum: 10c0/a3fe31fe3fa29aa3349e2e04ee13dc170cc6af7c23d92ad49e3eeaf79b9766264544d3da824dba93b7855bd6a2982fb40032ef40693da98a136d835752beb487
  languageName: node
  linkType: hard

"@types/node@npm:>=13.7.0":
  version: 25.0.1
  resolution: "@types/node@npm:25.0.1"
  dependencies:
    undici-types: "npm:~7.16.0"
  checksum: 10c0/1d5ca9f240d0cf8e43d5281c0e6ee96fb22d37dc2e5ef52c6ca71de47957a6128e124990cedf5b14c03d0250737bd78ad370d93bcf1729a75ca4e54384fdd51a
  languageName: node
  linkType: hard

"@types/retry@npm:0.12.0":
  version: 0.12.0
  resolution: "@types/retry@npm:0.12.0"
  checksum: 10c0/7c5c9086369826f569b83a4683661557cab1361bac0897a1cefa1a915ff739acd10ca0d62b01071046fe3f5a3f7f2aec80785fe283b75602dc6726781ea3e328
  languageName: node
  linkType: hard

"@types/uuid@npm:^10.0.0":
  version: 10.0.0
  resolution: "@types/uuid@npm:10.0.0"
  checksum: 10c0/9a1404bf287164481cb9b97f6bb638f78f955be57c40c6513b7655160beb29df6f84c915aaf4089a1559c216557dc4d2f79b48d978742d3ae10b937420ddac60
  languageName: node
  linkType: hard

"ai-compare-candidates@workspace:.":
  version: 0.0.0-use.local
  resolution: "ai-compare-candidates@workspace:."
  dependencies:
    "@huggingface/transformers": "npm:^3.8.1"
    langchain: "npm:^1.2.0"
  languageName: unknown
  linkType: soft

"ansi-styles@npm:^4.1.0":
  version: 4.3.0
  resolution: "ansi-styles@npm:4.3.0"
  dependencies:
    color-convert: "npm:^2.0.1"
  checksum: 10c0/895a23929da416f2bd3de7e9cb4eabd340949328ab85ddd6e484a637d8f6820d485f53933446f5291c3b760cbc488beb8e88573dd0f9c7daf83dccc8fe81b041
  languageName: node
  linkType: hard

"boolean@npm:^3.0.1":
  version: 3.2.0
  resolution: "boolean@npm:3.2.0"
  checksum: 10c0/6a0dc9668f6f3dda42a53c181fcbdad223169c8d87b6c4011b87a8b14a21770efb2934a778f063d7ece17280f8c06d313c87f7b834bb1dd526a867ffcd00febf
  languageName: node
  linkType: hard

"chalk@npm:^4.1.2":
  version: 4.1.2
  resolution: "chalk@npm:4.1.2"
  dependencies:
    ansi-styles: "npm:^4.1.0"
    supports-color: "npm:^7.1.0"
  checksum: 10c0/4a3fef5cc34975c898ffe77141450f679721df9dde00f6c304353fa9c8b571929123b26a0e4617bde5018977eb655b31970c297b91b63ee83bb82aeb04666880
  languageName: node
  linkType: hard

"chownr@npm:^3.0.0":
  version: 3.0.0
  resolution: "chownr@npm:3.0.0"
  checksum: 10c0/43925b87700f7e3893296c8e9c56cc58f926411cce3a6e5898136daaf08f08b9a8eb76d37d3267e707d0dcc17aed2e2ebdf5848c0c3ce95cf910a919935c1b10
  languageName: node
  linkType: hard

"color-convert@npm:^2.0.1":
  version: 2.0.1
  resolution: "color-convert@npm:2.0.1"
  dependencies:
    color-name: "npm:~1.1.4"
  checksum: 10c0/37e1150172f2e311fe1b2df62c6293a342ee7380da7b9cfdba67ea539909afbd74da27033208d01d6d5cfc65ee7868a22e18d7e7648e004425441c0f8a15a7d7
  languageName: node
  linkType: hard

"color-name@npm:~1.1.4":
  version: 1.1.4
  resolution: "color-name@npm:1.1.4"
  checksum: 10c0/a1a3f914156960902f46f7f56bc62effc6c94e84b2cae157a526b1c1f74b677a47ec602bf68a61abfa2b42d15b7c5651c6dbe72a43af720bc588dff885b10f95
  languageName: node
  linkType: hard

"console-table-printer@npm:^2.12.1":
  version: 2.15.0
  resolution: "console-table-printer@npm:2.15.0"
  dependencies:
    simple-wcswidth: "npm:^1.1.2"
  checksum: 10c0/ec63b6c7b7b7d6fe78087e5960743710f6f8e9dc239daf8ce625b305056fc39d891f5d6f7827117e47917f9f97f0e5e4352e9eb397ca5a0b381a05de6d382ea2
  languageName: node
  linkType: hard

"define-data-property@npm:^1.0.1":
  version: 1.1.4
  resolution: "define-data-property@npm:1.1.4"
  dependencies:
    es-define-property: "npm:^1.0.0"
    es-errors: "npm:^1.3.0"
    gopd: "npm:^1.0.1"
  checksum: 10c0/dea0606d1483eb9db8d930d4eac62ca0fa16738b0b3e07046cddfacf7d8c868bbe13fa0cb263eb91c7d0d527960dc3f2f2471a69ed7816210307f6744fe62e37
  languageName: node
  linkType: hard

"define-properties@npm:^1.2.1":
  version: 1.2.1
  resolution: "define-properties@npm:1.2.1"
  dependencies:
    define-data-property: "npm:^1.0.1"
    has-property-descriptors: "npm:^1.0.0"
    object-keys: "npm:^1.1.1"
  checksum: 10c0/88a152319ffe1396ccc6ded510a3896e77efac7a1bfbaa174a7b00414a1747377e0bb525d303794a47cf30e805c2ec84e575758512c6e44a993076d29fd4e6c3
  languageName: node
  linkType: hard

"detect-libc@npm:^2.1.2":
  version: 2.1.2
  resolution: "detect-libc@npm:2.1.2"
  checksum: 10c0/acc675c29a5649fa1fb6e255f993b8ee829e510b6b56b0910666949c80c364738833417d0edb5f90e4e46be17228b0f2b66a010513984e18b15deeeac49369c4
  languageName: node
  linkType: hard

"detect-node@npm:^2.0.4":
  version: 2.1.0
  resolution: "detect-node@npm:2.1.0"
  checksum: 10c0/f039f601790f2e9d4654e499913259a798b1f5246ae24f86ab5e8bd4aaf3bce50484234c494f11fb00aecb0c6e2733aa7b1cf3f530865640b65fbbd65b2c4e09
  languageName: node
  linkType: hard

"es-define-property@npm:^1.0.0":
  version: 1.0.1
  resolution: "es-define-property@npm:1.0.1"
  checksum: 10c0/3f54eb49c16c18707949ff25a1456728c883e81259f045003499efba399c08bad00deebf65cccde8c0e07908c1a225c9d472b7107e558f2a48e28d530e34527c
  languageName: node
  linkType: hard

"es-errors@npm:^1.3.0":
  version: 1.3.0
  resolution: "es-errors@npm:1.3.0"
  checksum: 10c0/0a61325670072f98d8ae3b914edab3559b6caa980f08054a3b872052640d91da01d38df55df797fcc916389d77fc92b8d5906cf028f4db46d7e3003abecbca85
  languageName: node
  linkType: hard

"es6-error@npm:^4.1.1":
  version: 4.1.1
  resolution: "es6-error@npm:4.1.1"
  checksum: 10c0/357663fb1e845c047d548c3d30f86e005db71e122678f4184ced0693f634688c3f3ef2d7de7d4af732f734de01f528b05954e270f06aa7d133679fb9fe6600ef
  languageName: node
  linkType: hard

"escape-string-regexp@npm:^4.0.0":
  version: 4.0.0
  resolution: "escape-string-regexp@npm:4.0.0"
  checksum: 10c0/9497d4dd307d845bd7f75180d8188bb17ea8c151c1edbf6b6717c100e104d629dc2dfb687686181b0f4b7d732c7dfdc4d5e7a8ff72de1b0ca283a75bbb3a9cd9
  languageName: node
  linkType: hard

"eventemitter3@npm:^4.0.4":
  version: 4.0.7
  resolution: "eventemitter3@npm:4.0.7"
  checksum: 10c0/5f6d97cbcbac47be798e6355e3a7639a84ee1f7d9b199a07017f1d2f1e2fe236004d14fa5dfaeba661f94ea57805385e326236a6debbc7145c8877fbc0297c6b
  languageName: node
  linkType: hard

"flatbuffers@npm:^25.1.24":
  version: 25.9.23
  resolution: "flatbuffers@npm:25.9.23"
  checksum: 10c0/957c4ae2a02be1703c98b36b4dc8ceb81613cf8e2333026afc95a7b68b088bed5458056dc29d0ab7ce8bc403b8c003732b0968d24aba46f5e7c8f71789a6bd9e
  languageName: node
  linkType: hard

"global-agent@npm:^3.0.0":
  version: 3.0.0
  resolution: "global-agent@npm:3.0.0"
  dependencies:
    boolean: "npm:^3.0.1"
    es6-error: "npm:^4.1.1"
    matcher: "npm:^3.0.0"
    roarr: "npm:^2.15.3"
    semver: "npm:^7.3.2"
    serialize-error: "npm:^7.0.1"
  checksum: 10c0/bb8750d026b25da437072762fd739098bad92ff72f66483c3929db4579e072f5523960f7e7fd70ee0d75db48898067b5dc1c9c1d17888128cff008fcc34d1bd3
  languageName: node
  linkType: hard

"globalthis@npm:^1.0.1":
  version: 1.0.4
  resolution: "globalthis@npm:1.0.4"
  dependencies:
    define-properties: "npm:^1.2.1"
    gopd: "npm:^1.0.1"
  checksum: 10c0/9d156f313af79d80b1566b93e19285f481c591ad6d0d319b4be5e03750d004dde40a39a0f26f7e635f9007a3600802f53ecd85a759b86f109e80a5f705e01846
  languageName: node
  linkType: hard

"gopd@npm:^1.0.1":
  version: 1.2.0
  resolution: "gopd@npm:1.2.0"
  checksum: 10c0/50fff1e04ba2b7737c097358534eacadad1e68d24cccee3272e04e007bed008e68d2614f3987788428fd192a5ae3889d08fb2331417e4fc4a9ab366b2043cead
  languageName: node
  linkType: hard

"guid-typescript@npm:^1.0.9":
  version: 1.0.9
  resolution: "guid-typescript@npm:1.0.9"
  checksum: 10c0/fa0a2b2b4e06e0976a81c947b74e114b92f6647e84b52e24ab0981d2fdbaa1a640641d8fd269004dd7c581baebeb4f9d9782b74391e717e47c9b822bea4b3be6
  languageName: node
  linkType: hard

"has-flag@npm:^4.0.0":
  version: 4.0.0
  resolution: "has-flag@npm:4.0.0"
  checksum: 10c0/2e789c61b7888d66993e14e8331449e525ef42aac53c627cc53d1c3334e768bcb6abdc4f5f0de1478a25beec6f0bd62c7549058b7ac53e924040d4f301f02fd1
  languageName: node
  linkType: hard

"has-property-descriptors@npm:^1.0.0":
  version: 1.0.2
  resolution: "has-property-descriptors@npm:1.0.2"
  dependencies:
    es-define-property: "npm:^1.0.0"
  checksum: 10c0/253c1f59e80bb476cf0dde8ff5284505d90c3bdb762983c3514d36414290475fe3fd6f574929d84de2a8eec00d35cf07cb6776205ff32efd7c50719125f00236
  languageName: node
  linkType: hard

"json-stringify-safe@npm:^5.0.1":
  version: 5.0.1
  resolution: "json-stringify-safe@npm:5.0.1"
  checksum: 10c0/7dbf35cd0411d1d648dceb6d59ce5857ec939e52e4afc37601aa3da611f0987d5cee5b38d58329ceddf3ed48bd7215229c8d52059ab01f2444a338bf24ed0f37
  languageName: node
  linkType: hard

"langchain@npm:^1.2.0":
  version: 1.2.0
  resolution: "langchain@npm:1.2.0"
  dependencies:
    "@langchain/langgraph": "npm:^1.0.0"
    "@langchain/langgraph-checkpoint": "npm:^1.0.0"
    langsmith: "npm:~0.3.74"
    uuid: "npm:^10.0.0"
    zod: "npm:^3.25.76 || ^4"
  peerDependencies:
    "@langchain/core": 1.1.5
  checksum: 10c0/2f79e250d327eb520b9a8bafb898494a87391908f80c03991fd32eb092e2ae69aa2817dd1f4ccb0f1afa6ba8d7f5ccdc9ae3ffc8a8f669540647e4f8d796841a
  languageName: node
  linkType: hard

"langsmith@npm:~0.3.74":
  version: 0.3.87
  resolution: "langsmith@npm:0.3.87"
  dependencies:
    "@types/uuid": "npm:^10.0.0"
    chalk: "npm:^4.1.2"
    console-table-printer: "npm:^2.12.1"
    p-queue: "npm:^6.6.2"
    semver: "npm:^7.6.3"
    uuid: "npm:^10.0.0"
  peerDependencies:
    "@opentelemetry/api": "*"
    "@opentelemetry/exporter-trace-otlp-proto": "*"
    "@opentelemetry/sdk-trace-base": "*"
    openai: "*"
  peerDependenciesMeta:
    "@opentelemetry/api":
      optional: true
    "@opentelemetry/exporter-trace-otlp-proto":
      optional: true
    "@opentelemetry/sdk-trace-base":
      optional: true
    openai:
      optional: true
  checksum: 10c0/eb1ac6baea51063b881a9dc9a61d2d699bfc9b7aa3443865e575775abe084d94704344275958c94f4e1f03154103e9dd896cde7285797e4afb6af570da6db3b8
  languageName: node
  linkType: hard

"long@npm:^5.0.0, long@npm:^5.2.3":
  version: 5.3.2
  resolution: "long@npm:5.3.2"
  checksum: 10c0/7130fe1cbce2dca06734b35b70d380ca3f70271c7f8852c922a7c62c86c4e35f0c39290565eca7133c625908d40e126ac57c02b1b1a4636b9457d77e1e60b981
  languageName: node
  linkType: hard

"matcher@npm:^3.0.0":
  version: 3.0.0
  resolution: "matcher@npm:3.0.0"
  dependencies:
    escape-string-regexp: "npm:^4.0.0"
  checksum: 10c0/2edf24194a2879690bcdb29985fc6bc0d003df44e04df21ebcac721fa6ce2f6201c579866bb92f9380bffe946f11ecd8cd31f34117fb67ebf8aca604918e127e
  languageName: node
  linkType: hard

"minipass@npm:^7.0.4, minipass@npm:^7.1.2":
  version: 7.1.2
  resolution: "minipass@npm:7.1.2"
  checksum: 10c0/b0fd20bb9fb56e5fa9a8bfac539e8915ae07430a619e4b86ff71f5fc757ef3924b23b2c4230393af1eda647ed3d75739e4e0acb250a6b1eb277cf7f8fe449557
  languageName: node
  linkType: hard

"minizlib@npm:^3.1.0":
  version: 3.1.0
  resolution: "minizlib@npm:3.1.0"
  dependencies:
    minipass: "npm:^7.1.2"
  checksum: 10c0/5aad75ab0090b8266069c9aabe582c021ae53eb33c6c691054a13a45db3b4f91a7fb1bd79151e6b4e9e9a86727b522527c0a06ec7d45206b745d54cd3097bcec
  languageName: node
  linkType: hard

"object-keys@npm:^1.1.1":
  version: 1.1.1
  resolution: "object-keys@npm:1.1.1"
  checksum: 10c0/b11f7ccdbc6d406d1f186cdadb9d54738e347b2692a14439ca5ac70c225fa6db46db809711b78589866d47b25fc3e8dee0b4c722ac751e11180f9380e3d8601d
  languageName: node
  linkType: hard

"onnxruntime-common@npm:1.21.0":
  version: 1.21.0
  resolution: "onnxruntime-common@npm:1.21.0"
  checksum: 10c0/424a83ad21b770fbf69e85f9736911ef238ea5b3ace73fa9a49fc584c98eed0a2f2fe977d2277fe725f8f6ec65d1fce3ad635c2d0a908163c6a7a03cc7478775
  languageName: node
  linkType: hard

"onnxruntime-common@npm:1.22.0-dev.20250409-89f8206ba4":
  version: 1.22.0-dev.20250409-89f8206ba4
  resolution: "onnxruntime-common@npm:1.22.0-dev.20250409-89f8206ba4"
  checksum: 10c0/11d68e3580f24c2413a4134d99f162a3897bcd76f1fd7a56aa927add3608e98c3bed75245b42d203abc61cf8155eb7c72082fbee995ef28867cbbcd0698d0769
  languageName: node
  linkType: hard

"onnxruntime-node@npm:1.21.0":
  version: 1.21.0
  resolution: "onnxruntime-node@npm:1.21.0"
  dependencies:
    global-agent: "npm:^3.0.0"
    onnxruntime-common: "npm:1.21.0"
    tar: "npm:^7.0.1"
  checksum: 10c0/7a2a7c3104da9c64fe9a2a9d04dce255aaabd337741c5369c0627575e03cd165b393f0e11c827ab352726d3f8493adc3ff842a60f135770038fb8d584500baa8
  conditions: (os=win32 | os=darwin | os=linux)
  languageName: node
  linkType: hard

"onnxruntime-web@npm:1.22.0-dev.20250409-89f8206ba4":
  version: 1.22.0-dev.20250409-89f8206ba4
  resolution: "onnxruntime-web@npm:1.22.0-dev.20250409-89f8206ba4"
  dependencies:
    flatbuffers: "npm:^25.1.24"
    guid-typescript: "npm:^1.0.9"
    long: "npm:^5.2.3"
    onnxruntime-common: "npm:1.22.0-dev.20250409-89f8206ba4"
    platform: "npm:^1.3.6"
    protobufjs: "npm:^7.2.4"
  checksum: 10c0/da5ee356a00be38c9571610777e212f23670a0b59f20e2d41e551c337420a64641eab9d21ff25c8c501cc7e93d71ce329732edc39f859f5818a383e0a7e35123
  languageName: node
  linkType: hard

"p-finally@npm:^1.0.0":
  version: 1.0.0
  resolution: "p-finally@npm:1.0.0"
  checksum: 10c0/6b8552339a71fe7bd424d01d8451eea92d379a711fc62f6b2fe64cad8a472c7259a236c9a22b4733abca0b5666ad503cb497792a0478c5af31ded793d00937e7
  languageName: node
  linkType: hard

"p-queue@npm:^6.6.2":
  version: 6.6.2
  resolution: "p-queue@npm:6.6.2"
  dependencies:
    eventemitter3: "npm:^4.0.4"
    p-timeout: "npm:^3.2.0"
  checksum: 10c0/5739ecf5806bbeadf8e463793d5e3004d08bb3f6177bd1a44a005da8fd81bb90f80e4633e1fb6f1dfd35ee663a5c0229abe26aebb36f547ad5a858347c7b0d3e
  languageName: node
  linkType: hard

"p-retry@npm:4":
  version: 4.6.2
  resolution: "p-retry@npm:4.6.2"
  dependencies:
    "@types/retry": "npm:0.12.0"
    retry: "npm:^0.13.1"
  checksum: 10c0/d58512f120f1590cfedb4c2e0c42cb3fa66f3cea8a4646632fcb834c56055bb7a6f138aa57b20cc236fb207c9d694e362e0b5c2b14d9b062f67e8925580c73b0
  languageName: node
  linkType: hard

"p-timeout@npm:^3.2.0":
  version: 3.2.0
  resolution: "p-timeout@npm:3.2.0"
  dependencies:
    p-finally: "npm:^1.0.0"
  checksum: 10c0/524b393711a6ba8e1d48137c5924749f29c93d70b671e6db761afa784726572ca06149c715632da8f70c090073afb2af1c05730303f915604fd38ee207b70a61
  languageName: node
  linkType: hard

"platform@npm:^1.3.6":
  version: 1.3.6
  resolution: "platform@npm:1.3.6"
  checksum: 10c0/69f2eb692e15f1a343dd0d9347babd9ca933824c8673096be746ff66f99f2bdc909fadd8609076132e6ec768349080babb7362299f2a7f885b98f1254ae6224b
  languageName: node
  linkType: hard

"protobufjs@npm:^7.2.4":
  version: 7.5.4
  resolution: "protobufjs@npm:7.5.4"
  dependencies:
    "@protobufjs/aspromise": "npm:^1.1.2"
    "@protobufjs/base64": "npm:^1.1.2"
    "@protobufjs/codegen": "npm:^2.0.4"
    "@protobufjs/eventemitter": "npm:^1.1.0"
    "@protobufjs/fetch": "npm:^1.1.0"
    "@protobufjs/float": "npm:^1.0.2"
    "@protobufjs/inquire": "npm:^1.1.0"
    "@protobufjs/path": "npm:^1.1.2"
    "@protobufjs/pool": "npm:^1.1.0"
    "@protobufjs/utf8": "npm:^1.1.0"
    "@types/node": "npm:>=13.7.0"
    long: "npm:^5.0.0"
  checksum: 10c0/913b676109ffb3c05d3d31e03a684e569be91f3bba8613da4a683d69d9dba948daa2afd7d2e7944d1aa6c417890c35d9d9a8883c1160affafb0f9670d59ef722
  languageName: node
  linkType: hard

"retry@npm:^0.13.1":
  version: 0.13.1
  resolution: "retry@npm:0.13.1"
  checksum: 10c0/9ae822ee19db2163497e074ea919780b1efa00431d197c7afdb950e42bf109196774b92a49fc9821f0b8b328a98eea6017410bfc5e8a0fc19c85c6d11adb3772
  languageName: node
  linkType: hard

"roarr@npm:^2.15.3":
  version: 2.15.4
  resolution: "roarr@npm:2.15.4"
  dependencies:
    boolean: "npm:^3.0.1"
    detect-node: "npm:^2.0.4"
    globalthis: "npm:^1.0.1"
    json-stringify-safe: "npm:^5.0.1"
    semver-compare: "npm:^1.0.0"
    sprintf-js: "npm:^1.1.2"
  checksum: 10c0/7d01d4c14513c461778dd673a8f9e53255221f8d04173aafeb8e11b23d8b659bb83f1c90cfe81af7f9c213b8084b404b918108fd792bda76678f555340cc64ec
  languageName: node
  linkType: hard

"semver-compare@npm:^1.0.0":
  version: 1.0.0
  resolution: "semver-compare@npm:1.0.0"
  checksum: 10c0/9ef4d8b81847556f0865f46ddc4d276bace118c7cb46811867af82e837b7fc473911981d5a0abc561fa2db487065572217e5b06e18701c4281bcdd2a1affaff1
  languageName: node
  linkType: hard

"semver@npm:^7.3.2, semver@npm:^7.6.3, semver@npm:^7.7.3":
  version: 7.7.3
  resolution: "semver@npm:7.7.3"
  bin:
    semver: bin/semver.js
  checksum: 10c0/4afe5c986567db82f44c8c6faef8fe9df2a9b1d98098fc1721f57c696c4c21cebd572f297fc21002f81889492345b8470473bc6f4aff5fb032a6ea59ea2bc45e
  languageName: node
  linkType: hard

"serialize-error@npm:^7.0.1":
  version: 7.0.1
  resolution: "serialize-error@npm:7.0.1"
  dependencies:
    type-fest: "npm:^0.13.1"
  checksum: 10c0/7982937d578cd901276c8ab3e2c6ed8a4c174137730f1fb0402d005af209a0e84d04acc874e317c936724c7b5b26c7a96ff7e4b8d11a469f4924a4b0ea814c05
  languageName: node
  linkType: hard

"sharp@npm:^0.34.1":
  version: 0.34.5
  resolution: "sharp@npm:0.34.5"
  dependencies:
    "@img/colour": "npm:^1.0.0"
    "@img/sharp-darwin-arm64": "npm:0.34.5"
    "@img/sharp-darwin-x64": "npm:0.34.5"
    "@img/sharp-libvips-darwin-arm64": "npm:1.2.4"
    "@img/sharp-libvips-darwin-x64": "npm:1.2.4"
    "@img/sharp-libvips-linux-arm": "npm:1.2.4"
    "@img/sharp-libvips-linux-arm64": "npm:1.2.4"
    "@img/sharp-libvips-linux-ppc64": "npm:1.2.4"
    "@img/sharp-libvips-linux-riscv64": "npm:1.2.4"
    "@img/sharp-libvips-linux-s390x": "npm:1.2.4"
    "@img/sharp-libvips-linux-x64": "npm:1.2.4"
    "@img/sharp-libvips-linuxmusl-arm64": "npm:1.2.4"
    "@img/sharp-libvips-linuxmusl-x64": "npm:1.2.4"
    "@img/sharp-linux-arm": "npm:0.34.5"
    "@img/sharp-linux-arm64": "npm:0.34.5"
    "@img/sharp-linux-ppc64": "npm:0.34.5"
    "@img/sharp-linux-riscv64": "npm:0.34.5"
    "@img/sharp-linux-s390x": "npm:0.34.5"
    "@img/sharp-linux-x64": "npm:0.34.5"
    "@img/sharp-linuxmusl-arm64": "npm:0.34.5"
    "@img/sharp-linuxmusl-x64": "npm:0.34.5"
    "@img/sharp-wasm32": "npm:0.34.5"
    "@img/sharp-win32-arm64": "npm:0.34.5"
    "@img/sharp-win32-ia32": "npm:0.34.5"
    "@img/sharp-win32-x64": "npm:0.34.5"
    detect-libc: "npm:^2.1.2"
    semver: "npm:^7.7.3"
  dependenciesMeta:
    "@img/sharp-darwin-arm64":
      optional: true
    "@img/sharp-darwin-x64":
      optional: true
    "@img/sharp-libvips-darwin-arm64":
      optional: true
    "@img/sharp-libvips-darwin-x64":
      optional: true
    "@img/sharp-libvips-linux-arm":
      optional: true
    "@img/sharp-libvips-linux-arm64":
      optional: true
    "@img/sharp-libvips-linux-ppc64":
      optional: true
    "@img/sharp-libvips-linux-riscv64":
      optional: true
    "@img/sharp-libvips-linux-s390x":
      optional: true
    "@img/sharp-libvips-linux-x64":
      optional: true
    "@img/sharp-libvips-linuxmusl-arm64":
      optional: true
    "@img/sharp-libvips-linuxmusl-x64":
      optional: true
    "@img/sharp-linux-arm":
      optional: true
    "@img/sharp-linux-arm64":
      optional: true
    "@img/sharp-linux-ppc64":
      optional: true
    "@img/sharp-linux-riscv64":
      optional: true
    "@img/sharp-linux-s390x":
      optional: true
    "@img/sharp-linux-x64":
      optional: true
    "@img/sharp-linuxmusl-arm64":
      optional: true
    "@img/sharp-linuxmusl-x64":
      optional: true
    "@img/sharp-wasm32":
      optional: true
    "@img/sharp-win32-arm64":
      optional: true
    "@img/sharp-win32-ia32":
      optional: true
    "@img/sharp-win32-x64":
      optional: true
  checksum: 10c0/fd79e29df0597a7d5704b8461c51f944ead91a5243691697be6e8243b966402beda53ddc6f0a53b96ea3cb8221f0b244aa588114d3ebf8734fb4aefd41ab802f
  languageName: node
  linkType: hard

"simple-wcswidth@npm:^1.1.2":
  version: 1.1.2
  resolution: "simple-wcswidth@npm:1.1.2"
  checksum: 10c0/0db23ffef39d81a018a2354d64db1d08a44123c54263e48173992c61d808aaa8b58e5651d424e8c275589671f35e9094ac6fa2bbf2c98771b1bae9e007e611dd
  languageName: node
  linkType: hard

"sprintf-js@npm:^1.1.2":
  version: 1.1.3
  resolution: "sprintf-js@npm:1.1.3"
  checksum: 10c0/09270dc4f30d479e666aee820eacd9e464215cdff53848b443964202bf4051490538e5dd1b42e1a65cf7296916ca17640aebf63dae9812749c7542ee5f288dec
  languageName: node
  linkType: hard

"supports-color@npm:^7.1.0":
  version: 7.2.0
  resolution: "supports-color@npm:7.2.0"
  dependencies:
    has-flag: "npm:^4.0.0"
  checksum: 10c0/afb4c88521b8b136b5f5f95160c98dee7243dc79d5432db7efc27efb219385bbc7d9427398e43dd6cc730a0f87d5085ce1652af7efbe391327bc0a7d0f7fc124
  languageName: node
  linkType: hard

"tar@npm:^7.0.1":
  version: 7.5.2
  resolution: "tar@npm:7.5.2"
  dependencies:
    "@isaacs/fs-minipass": "npm:^4.0.0"
    chownr: "npm:^3.0.0"
    minipass: "npm:^7.1.2"
    minizlib: "npm:^3.1.0"
    yallist: "npm:^5.0.0"
  checksum: 10c0/a7d8b801139b52f93a7e34830db0de54c5aa45487c7cb551f6f3d44a112c67f1cb8ffdae856b05fd4f17b1749911f1c26f1e3a23bbe0279e17fd96077f13f467
  languageName: node
  linkType: hard

"tslib@npm:^2.4.0":
  version: 2.8.1
  resolution: "tslib@npm:2.8.1"
  checksum: 10c0/9c4759110a19c53f992d9aae23aac5ced636e99887b51b9e61def52611732872ff7668757d4e4c61f19691e36f4da981cd9485e869b4a7408d689f6bf1f14e62
  languageName: node
  linkType: hard

"type-fest@npm:^0.13.1":
  version: 0.13.1
  resolution: "type-fest@npm:0.13.1"
  checksum: 10c0/0c0fa07ae53d4e776cf4dac30d25ad799443e9eef9226f9fddbb69242db86b08584084a99885cfa5a9dfe4c063ebdc9aa7b69da348e735baede8d43f1aeae93b
  languageName: node
  linkType: hard

"undici-types@npm:~7.16.0":
  version: 7.16.0
  resolution: "undici-types@npm:7.16.0"
  checksum: 10c0/3033e2f2b5c9f1504bdc5934646cb54e37ecaca0f9249c983f7b1fc2e87c6d18399ebb05dc7fd5419e02b2e915f734d872a65da2e3eeed1813951c427d33cc9a
  languageName: node
  linkType: hard

"uuid@npm:^10.0.0":
  version: 10.0.0
  resolution: "uuid@npm:10.0.0"
  bin:
    uuid: dist/bin/uuid
  checksum: 10c0/eab18c27fe4ab9fb9709a5d5f40119b45f2ec8314f8d4cf12ce27e4c6f4ffa4a6321dc7db6c515068fa373c075b49691ba969f0010bf37f44c37ca40cd6bf7fe
  languageName: node
  linkType: hard

"uuid@npm:^9.0.0":
  version: 9.0.1
  resolution: "uuid@npm:9.0.1"
  bin:
    uuid: dist/bin/uuid
  checksum: 10c0/1607dd32ac7fc22f2d8f77051e6a64845c9bce5cd3dd8aa0070c074ec73e666a1f63c7b4e0f4bf2bc8b9d59dc85a15e17807446d9d2b17c8485fbc2147b27f9b
  languageName: node
  linkType: hard

"yallist@npm:^5.0.0":
  version: 5.0.0
  resolution: "yallist@npm:5.0.0"
  checksum: 10c0/a499c81ce6d4a1d260d4ea0f6d49ab4da09681e32c3f0472dee16667ed69d01dae63a3b81745a24bd78476ec4fcf856114cb4896ace738e01da34b2c42235416
  languageName: node
  linkType: hard

"zod@npm:^3.25.76 || ^4":
  version: 4.1.13
  resolution: "zod@npm:4.1.13"
  checksum: 10c0/d7e74e82dba81a91ffc3239cd85bc034abe193a28f7087a94ab258a3e48e9a7ca4141920cac979a0d781495b48fc547777394149f26be04c3dc642f58bbc3941
  languageName: node
  linkType: hard
